
Microsoft Visual Studio Solution File, Format Version 12.00
# Visual Studio Version 17
VisualStudioVersion = 17.10.35122.118
MinimumVisualStudioVersion = 10.0.40219.1
Project("{FAE04EC0-301F-11D3-BF4B-00C04F79EFBC}") = "Fhi.Kompetanse.Risk.WebApi", "Fhi.Kompetanse.Risk.WebApi\Fhi.Kompetanse.Risk.WebApi.csproj", "{23616FD9-537E-4FC7-A54E-88DDD02F1452}"
EndProject
Project("{FAE04EC0-301F-11D3-BF4B-00C04F79EFBC}") = "Fhi.Kompetanse.Risk.Domenemodell", "Fhi.Kompetanse.Risk.Domenemodell\Fhi.Kompetanse.Risk.Domenemodell.csproj", "{D86B7215-1781-4B65-A62F-41D859DC631A}"
EndProject
Global
	GlobalSection(SolutionConfigurationPlatforms) = preSolution
		Debug|Any CPU = Debug|Any CPU
		Release|Any CPU = Release|Any CPU
	EndGlobalSection
	GlobalSection(ProjectConfigurationPlatforms) = postSolution
		{23616FD9-537E-4FC7-A54E-88DDD02F1452}.Debug|Any CPU.ActiveCfg = Debug|Any CPU
		{23616FD9-537E-4FC7-A54E-88DDD02F1452}.Debug|Any CPU.Build.0 = Debug|Any CPU
		{23616FD9-537E-4FC7-A54E-88DDD02F1452}.Release|Any CPU.ActiveCfg = Release|Any CPU
		{23616FD9-537E-4FC7-A54E-88DDD02F1452}.Release|Any CPU.Build.0 = Release|Any CPU
		{D86B7215-1781-4B65-A62F-41D859DC631A}.Debug|Any CPU.ActiveCfg = Debug|Any CPU
		{D86B7215-1781-4B65-A62F-41D859DC631A}.Debug|Any CPU.Build.0 = Debug|Any CPU
		{D86B7215-1781-4B65-A62F-41D859DC631A}.Release|Any CPU.ActiveCfg = Release|Any CPU
		{D86B7215-1781-4B65-A62F-41D859DC631A}.Release|Any CPU.Build.0 = Release|Any CPU
	EndGlobalSection
	GlobalSection(SolutionProperties) = preSolution
		HideSolutionNode = FALSE
	EndGlobalSection
	GlobalSection(ExtensibilityGlobals) = postSolution
		SolutionGuid = {5F3D4627-576E-4AE3-AF80-D639C71DA9FC}
	EndGlobalSection
EndGlobal
